
Microsoft Visual Studio Solution File, Format Version 12.00
# Visual Studio Version 16
VisualStudioVersion = 16.0.31424.327
MinimumVisualStudioVersion = 10.0.40219.1
Project("{FAE04EC0-301F-11D3-BF4B-00C04F79EFBC}") = "CalculatorApp01", "CalculatorApp01\CalculatorApp01.csproj", "{5D7F3D40-CF95-41DD-BB83-68634E1B02A7}"
EndProject
Global
	GlobalSection(SolutionConfigurationPlatforms) = preSolution
		Debug|Any CPU = Debug|Any CPU
		Release|Any CPU = Release|Any CPU
	EndGlobalSection
	GlobalSection(ProjectConfigurationPlatforms) = postSolution
		{5D7F3D40-CF95-41DD-BB83-68634E1B02A7}.Debug|Any CPU.ActiveCfg = Debug|Any CPU
		{5D7F3D40-CF95-41DD-BB83-68634E1B02A7}.Debug|Any CPU.Build.0 = Debug|Any CPU
		{5D7F3D40-CF95-41DD-BB83-68634E1B02A7}.Release|Any CPU.ActiveCfg = Release|Any CPU
		{5D7F3D40-CF95-41DD-BB83-68634E1B02A7}.Release|Any CPU.Build.0 = Release|Any CPU
	EndGlobalSection
	GlobalSection(SolutionProperties) = preSolution
		HideSolutionNode = FALSE
	EndGlobalSection
	GlobalSection(ExtensibilityGlobals) = postSolution
		SolutionGuid = {4E3B3C12-48DD-4197-833B-E4F5C3882887}
	EndGlobalSection
EndGlobal
