
Microsoft Visual Studio Solution File, Format Version 12.00
# Visual Studio Version 16
VisualStudioVersion = 16.0.31424.327
MinimumVisualStudioVersion = 10.0.40219.1
Project("{FAE04EC0-301F-11D3-BF4B-00C04F79EFBC}") = "PagingExercise01", "PagingExercise01\PagingExercise01.csproj", "{CF3AC0CB-5C13-4B5D-B785-A1F1FF217354}"
EndProject
Global
	GlobalSection(SolutionConfigurationPlatforms) = preSolution
		Debug|Any CPU = Debug|Any CPU
		Release|Any CPU = Release|Any CPU
	EndGlobalSection
	GlobalSection(ProjectConfigurationPlatforms) = postSolution
		{CF3AC0CB-5C13-4B5D-B785-A1F1FF217354}.Debug|Any CPU.ActiveCfg = Debug|Any CPU
		{CF3AC0CB-5C13-4B5D-B785-A1F1FF217354}.Debug|Any CPU.Build.0 = Debug|Any CPU
		{CF3AC0CB-5C13-4B5D-B785-A1F1FF217354}.Release|Any CPU.ActiveCfg = Release|Any CPU
		{CF3AC0CB-5C13-4B5D-B785-A1F1FF217354}.Release|Any CPU.Build.0 = Release|Any CPU
	EndGlobalSection
	GlobalSection(SolutionProperties) = preSolution
		HideSolutionNode = FALSE
	EndGlobalSection
	GlobalSection(ExtensibilityGlobals) = postSolution
		SolutionGuid = {1AE11394-B6EB-4621-92B4-562C70804924}
	EndGlobalSection
EndGlobal
