
Microsoft Visual Studio Solution File, Format Version 12.00
# Visual Studio Version 16
VisualStudioVersion = 16.0.31424.327
MinimumVisualStudioVersion = 10.0.40219.1
Project("{FAE04EC0-301F-11D3-BF4B-00C04F79EFBC}") = "ThreadExercise01", "ThreadExercise01\ThreadExercise01.csproj", "{5F7E0F4C-0B2C-44E4-A99A-CA933C08FB4D}"
EndProject
Global
	GlobalSection(SolutionConfigurationPlatforms) = preSolution
		Debug|Any CPU = Debug|Any CPU
		Release|Any CPU = Release|Any CPU
	EndGlobalSection
	GlobalSection(ProjectConfigurationPlatforms) = postSolution
		{5F7E0F4C-0B2C-44E4-A99A-CA933C08FB4D}.Debug|Any CPU.ActiveCfg = Debug|Any CPU
		{5F7E0F4C-0B2C-44E4-A99A-CA933C08FB4D}.Debug|Any CPU.Build.0 = Debug|Any CPU
		{5F7E0F4C-0B2C-44E4-A99A-CA933C08FB4D}.Release|Any CPU.ActiveCfg = Release|Any CPU
		{5F7E0F4C-0B2C-44E4-A99A-CA933C08FB4D}.Release|Any CPU.Build.0 = Release|Any CPU
	EndGlobalSection
	GlobalSection(SolutionProperties) = preSolution
		HideSolutionNode = FALSE
	EndGlobalSection
	GlobalSection(ExtensibilityGlobals) = postSolution
		SolutionGuid = {CB8AD2A6-DD2F-4BFA-A1D4-D2AF1E6EF45E}
	EndGlobalSection
EndGlobal
