
Microsoft Visual Studio Solution File, Format Version 12.00
# Visual Studio Version 16
VisualStudioVersion = 16.0.31424.327
MinimumVisualStudioVersion = 10.0.40219.1
Project("{FAE04EC0-301F-11D3-BF4B-00C04F79EFBC}") = "DBConnectionApp01", "DBConnectionApp01\DBConnectionApp01.csproj", "{1DB461D8-676C-4F1C-9507-F9D600DD6472}"
EndProject
Global
	GlobalSection(SolutionConfigurationPlatforms) = preSolution
		Debug|Any CPU = Debug|Any CPU
		Release|Any CPU = Release|Any CPU
	EndGlobalSection
	GlobalSection(ProjectConfigurationPlatforms) = postSolution
		{1DB461D8-676C-4F1C-9507-F9D600DD6472}.Debug|Any CPU.ActiveCfg = Debug|Any CPU
		{1DB461D8-676C-4F1C-9507-F9D600DD6472}.Debug|Any CPU.Build.0 = Debug|Any CPU
		{1DB461D8-676C-4F1C-9507-F9D600DD6472}.Release|Any CPU.ActiveCfg = Release|Any CPU
		{1DB461D8-676C-4F1C-9507-F9D600DD6472}.Release|Any CPU.Build.0 = Release|Any CPU
	EndGlobalSection
	GlobalSection(SolutionProperties) = preSolution
		HideSolutionNode = FALSE
	EndGlobalSection
	GlobalSection(ExtensibilityGlobals) = postSolution
		SolutionGuid = {15481831-FB4C-4312-A005-4B94C46BE13A}
	EndGlobalSection
EndGlobal
