
Microsoft Visual Studio Solution File, Format Version 12.00
# Visual Studio Version 16
VisualStudioVersion = 16.0.31424.327
MinimumVisualStudioVersion = 10.0.40219.1
Project("{FAE04EC0-301F-11D3-BF4B-00C04F79EFBC}") = "ExerciseServer01", "ExerciseServer01\ExerciseServer01.csproj", "{A365509B-6997-4192-AFC0-8A774E6EEB1D}"
EndProject
Global
	GlobalSection(SolutionConfigurationPlatforms) = preSolution
		Debug|Any CPU = Debug|Any CPU
		Release|Any CPU = Release|Any CPU
	EndGlobalSection
	GlobalSection(ProjectConfigurationPlatforms) = postSolution
		{A365509B-6997-4192-AFC0-8A774E6EEB1D}.Debug|Any CPU.ActiveCfg = Debug|Any CPU
		{A365509B-6997-4192-AFC0-8A774E6EEB1D}.Debug|Any CPU.Build.0 = Debug|Any CPU
		{A365509B-6997-4192-AFC0-8A774E6EEB1D}.Release|Any CPU.ActiveCfg = Release|Any CPU
		{A365509B-6997-4192-AFC0-8A774E6EEB1D}.Release|Any CPU.Build.0 = Release|Any CPU
	EndGlobalSection
	GlobalSection(SolutionProperties) = preSolution
		HideSolutionNode = FALSE
	EndGlobalSection
	GlobalSection(ExtensibilityGlobals) = postSolution
		SolutionGuid = {BD018EF3-1473-4A81-9E28-10D499027F03}
	EndGlobalSection
EndGlobal
